<?xml version="1.0" encoding="utf-8"?>
<Project ToolsVersion="4.0" xmlns="http://schemas.microsoft.com/developer/msbuild/2003">
  <ItemGroup>
    <ClCompile Include="Engine.cpp" />
    <ClCompile Include="Input\InputManager.cpp">
      <Filter>Input</Filter>
    </ClCompile>
    <ClCompile Include="Input\InputManagerImplementation.cpp">
      <Filter>Input</Filter>
    </ClCompile>
    <ClCompile Include="Input\MouseInput.cpp">
      <Filter>Input</Filter>
    </ClCompile>
    <ClCompile Include="Input\KeyBoardInput.cpp">
      <Filter>Input</Filter>
    </ClCompile>
    <ClCompile Include="Components\Collider.cpp">
      <Filter>Components</Filter>
    </ClCompile>
    <ClCompile Include="Components\CharacterCollider.cpp">
      <Filter>Components</Filter>
    </ClCompile>
    <ClCompile Include="Components\AudioSource.cpp">
      <Filter>Components</Filter>
    </ClCompile>
    <ClCompile Include="Components\AnimatorController\AnimatorController.cpp">
      <Filter>Components\AnimatorController</Filter>
    </ClCompile>
    <ClCompile Include="Components\AnimatorController\State.cpp">
      <Filter>Components\AnimatorController</Filter>
    </ClCompile>
    <ClCompile Include="Components\AnimatorController\Transition.cpp">
      <Filter>Components\AnimatorController</Filter>
    </ClCompile>
    <ClCompile Include="Components\AnimatorController\AnimatorControllerBoolParameter.cpp">
      <Filter>Components\AnimatorController</Filter>
    </ClCompile>
    <ClCompile Include="Components\AnimatorController\AnimatorControllerFloatParameter.cpp">
      <Filter>Components\AnimatorController</Filter>
    </ClCompile>
    <ClCompile Include="Components\AnimatorController\AnimatorControllerIntegerParameter.cpp">
      <Filter>Components\AnimatorController</Filter>
    </ClCompile>
    <ClCompile Include="Components\AnimatorController\AnimatorControllerTriggerParameter.cpp">
      <Filter>Components\AnimatorController</Filter>
    </ClCompile>
    <ClCompile Include="LuabindManager\LuabindManager.cpp">
      <Filter>LuabindManager</Filter>
    </ClCompile>
    <ClCompile Include="LuabindManager\RegisterBase.cpp">
      <Filter>LuabindManager</Filter>
    </ClCompile>
    <ClCompile Include="LuabindManager\RegisterCore.cpp">
      <Filter>LuabindManager</Filter>
    </ClCompile>
    <ClCompile Include="LuabindManager\RegisterGraphics.cpp">
      <Filter>LuabindManager</Filter>
    </ClCompile>
    <ClCompile Include="LuabindManager\RegisterGUI.cpp">
      <Filter>LuabindManager</Filter>
    </ClCompile>
    <ClCompile Include="LuabindManager\RegisterPhysx.cpp">
      <Filter>LuabindManager</Filter>
    </ClCompile>
    <ClCompile Include="LuabindManager\RegisterSound.cpp">
      <Filter>LuabindManager</Filter>
    </ClCompile>
    <ClCompile Include="Log\Log.cpp">
      <Filter>Log</Filter>
    </ClCompile>
    <ClCompile Include="DebugHelper\DebugHelper.cpp">
      <Filter>DebugHelper</Filter>
    </ClCompile>
    <ClCompile Include="DebugHelper\DebugHelperImplementation.cpp">
      <Filter>DebugHelper</Filter>
    </ClCompile>
    <ClCompile Include="Components\Script.cpp">
      <Filter>Components</Filter>
    </ClCompile>
  </ItemGroup>
  <ItemGroup>
    <ClInclude Include="Engine.h" />
    <ClInclude Include="Input\InputManager.h">
      <Filter>Input</Filter>
    </ClInclude>
    <ClInclude Include="Input\InputManagerImplementation.h">
      <Filter>Input</Filter>
    </ClInclude>
    <ClInclude Include="Components\Component.h">
      <Filter>Components</Filter>
    </ClInclude>
    <ClInclude Include="Input\MouseInput.h">
      <Filter>Input</Filter>
    </ClInclude>
    <ClInclude Include="Input\KeyBoardInput.h">
      <Filter>Input</Filter>
    </ClInclude>
    <ClInclude Include="Components\Collider.h">
      <Filter>Components</Filter>
    </ClInclude>
    <ClInclude Include="Components\CharacterCollider.h">
      <Filter>Components</Filter>
    </ClInclude>
    <ClInclude Include="Components\AudioSource.h">
      <Filter>Components</Filter>
    </ClInclude>
    <ClInclude Include="Components\LuaComponent.h">
      <Filter>Components</Filter>
    </ClInclude>
    <ClInclude Include="Components\AnimatorController\Animation.h">
      <Filter>Components\AnimatorController</Filter>
    </ClInclude>
    <ClInclude Include="Components\AnimatorController\AnimatorController.h">
      <Filter>Components\AnimatorController</Filter>
    </ClInclude>
    <ClInclude Include="Components\AnimatorController\State.h">
      <Filter>Components\AnimatorController</Filter>
    </ClInclude>
    <ClInclude Include="Components\AnimatorController\Transition.h">
      <Filter>Components\AnimatorController</Filter>
    </ClInclude>
    <ClInclude Include="Components\AnimatorController\AnimatorControllerBoolParameter.h">
      <Filter>Components\AnimatorController</Filter>
    </ClInclude>
    <ClInclude Include="Components\AnimatorController\AnimatorControllerFloatParameter.h">
      <Filter>Components\AnimatorController</Filter>
    </ClInclude>
    <ClInclude Include="Components\AnimatorController\AnimatorControllerIntegerParameter.h">
      <Filter>Components\AnimatorController</Filter>
    </ClInclude>
    <ClInclude Include="Components\AnimatorController\AnimatorControllerParameter.h">
      <Filter>Components\AnimatorController</Filter>
    </ClInclude>
    <ClInclude Include="Components\AnimatorController\AnimatorControllerTriggerParameter.h">
      <Filter>Components\AnimatorController</Filter>
    </ClInclude>
    <ClInclude Include="LuabindManager\LuabindManager.h">
      <Filter>LuabindManager</Filter>
    </ClInclude>
    <ClInclude Include="Log\Log.h">
      <Filter>Log</Filter>
    </ClInclude>
    <ClInclude Include="DebugHelper\DebugHelper.h">
      <Filter>DebugHelper</Filter>
    </ClInclude>
    <ClInclude Include="DebugHelper\DebugHelperImplementation.h">
      <Filter>DebugHelper</Filter>
    </ClInclude>
    <ClInclude Include="Components\Script.h">
      <Filter>Components</Filter>
    </ClInclude>
  </ItemGroup>
  <ItemGroup>
    <Filter Include="Input">
      <UniqueIdentifier>{6d8c07f2-a398-420c-a41d-5f4c2987cbaf}</UniqueIdentifier>
    </Filter>
    <Filter Include="Components">
      <UniqueIdentifier>{fd9d8db8-dfe0-42e7-9ebd-25c5c0e0f733}</UniqueIdentifier>
    </Filter>
    <Filter Include="Components\AnimatorController">
      <UniqueIdentifier>{88dd3fc2-3ffe-4648-b657-1168a11836c0}</UniqueIdentifier>
    </Filter>
    <Filter Include="LuabindManager">
      <UniqueIdentifier>{102434e4-af86-4ec6-8c83-3593d2150b26}</UniqueIdentifier>
    </Filter>
    <Filter Include="Log">
      <UniqueIdentifier>{9ea42ef1-e84d-4516-bfdb-bc21a94de7b1}</UniqueIdentifier>
    </Filter>
    <Filter Include="DebugHelper">
      <UniqueIdentifier>{1d1d350a-2077-44b6-9983-a7e6309ce03f}</UniqueIdentifier>
    </Filter>
  </ItemGroup>
</Project>